
Microsoft Visual Studio Solution File, Format Version 12.00
# Visual Studio 15
VisualStudioVersion = 15.0.26124.0
MinimumVisualStudioVersion = 15.0.26124.0
Project("{FAE04EC0-301F-11D3-BF4B-00C04F79EFBC}") = "Principal", "Principal\Principal.csproj", "{90728D4C-6787-49D0-90D6-CDC7C4DB944F}"
EndProject
Project("{2150E333-8FDC-42A3-9474-1A3956D46DE8}") = "Console", "Console", "{8C4D8154-0272-479C-8BC6-4358A1320BA9}"
EndProject
Project("{FAE04EC0-301F-11D3-BF4B-00C04F79EFBC}") = "Questao1", "Console\Questao1\Questao1.csproj", "{3286F040-DDA4-4743-A932-30F5DB18914A}"
EndProject
Global
	GlobalSection(SolutionConfigurationPlatforms) = preSolution
		Debug|Any CPU = Debug|Any CPU
		Debug|x64 = Debug|x64
		Debug|x86 = Debug|x86
		Release|Any CPU = Release|Any CPU
		Release|x64 = Release|x64
		Release|x86 = Release|x86
	EndGlobalSection
	GlobalSection(SolutionProperties) = preSolution
		HideSolutionNode = FALSE
	EndGlobalSection
	GlobalSection(ProjectConfigurationPlatforms) = postSolution
		{90728D4C-6787-49D0-90D6-CDC7C4DB944F}.Debug|Any CPU.ActiveCfg = Debug|Any CPU
		{90728D4C-6787-49D0-90D6-CDC7C4DB944F}.Debug|Any CPU.Build.0 = Debug|Any CPU
		{90728D4C-6787-49D0-90D6-CDC7C4DB944F}.Debug|x64.ActiveCfg = Debug|Any CPU
		{90728D4C-6787-49D0-90D6-CDC7C4DB944F}.Debug|x64.Build.0 = Debug|Any CPU
		{90728D4C-6787-49D0-90D6-CDC7C4DB944F}.Debug|x86.ActiveCfg = Debug|Any CPU
		{90728D4C-6787-49D0-90D6-CDC7C4DB944F}.Debug|x86.Build.0 = Debug|Any CPU
		{90728D4C-6787-49D0-90D6-CDC7C4DB944F}.Release|Any CPU.ActiveCfg = Release|Any CPU
		{90728D4C-6787-49D0-90D6-CDC7C4DB944F}.Release|Any CPU.Build.0 = Release|Any CPU
		{90728D4C-6787-49D0-90D6-CDC7C4DB944F}.Release|x64.ActiveCfg = Release|Any CPU
		{90728D4C-6787-49D0-90D6-CDC7C4DB944F}.Release|x64.Build.0 = Release|Any CPU
		{90728D4C-6787-49D0-90D6-CDC7C4DB944F}.Release|x86.ActiveCfg = Release|Any CPU
		{90728D4C-6787-49D0-90D6-CDC7C4DB944F}.Release|x86.Build.0 = Release|Any CPU
		{3286F040-DDA4-4743-A932-30F5DB18914A}.Debug|Any CPU.ActiveCfg = Debug|Any CPU
		{3286F040-DDA4-4743-A932-30F5DB18914A}.Debug|Any CPU.Build.0 = Debug|Any CPU
		{3286F040-DDA4-4743-A932-30F5DB18914A}.Debug|x64.ActiveCfg = Debug|Any CPU
		{3286F040-DDA4-4743-A932-30F5DB18914A}.Debug|x64.Build.0 = Debug|Any CPU
		{3286F040-DDA4-4743-A932-30F5DB18914A}.Debug|x86.ActiveCfg = Debug|Any CPU
		{3286F040-DDA4-4743-A932-30F5DB18914A}.Debug|x86.Build.0 = Debug|Any CPU
		{3286F040-DDA4-4743-A932-30F5DB18914A}.Release|Any CPU.ActiveCfg = Release|Any CPU
		{3286F040-DDA4-4743-A932-30F5DB18914A}.Release|Any CPU.Build.0 = Release|Any CPU
		{3286F040-DDA4-4743-A932-30F5DB18914A}.Release|x64.ActiveCfg = Release|Any CPU
		{3286F040-DDA4-4743-A932-30F5DB18914A}.Release|x64.Build.0 = Release|Any CPU
		{3286F040-DDA4-4743-A932-30F5DB18914A}.Release|x86.ActiveCfg = Release|Any CPU
		{3286F040-DDA4-4743-A932-30F5DB18914A}.Release|x86.Build.0 = Release|Any CPU
	EndGlobalSection
	GlobalSection(NestedProjects) = preSolution
		{3286F040-DDA4-4743-A932-30F5DB18914A} = {8C4D8154-0272-479C-8BC6-4358A1320BA9}
	EndGlobalSection
EndGlobal
